github.com/maragudk/gomponents v0.16.0 h1:qoFF52ePoX27b6uvLGfGNcIfN/F6NSg9YCtqoipBXuM=
github.com/maragudk/gomponents v0.16.0/go.mod h1:0OdlqOoqxcwvhBFrp8wlKHnEXhNB7IVhb8GuARmd+tI=
github.com/maragudk/gomponents v0.18.0 h1:EcdeRUWsWW6hK9ftnGAoyXR00SQWecCBxuXghQvdEcc=
github.com/maragudk/gomponents v0.18.0/go.mod h1:0OdlqOoqxcwvhBFrp8wlKHnEXhNB7IVhb8GuARmd+tI=
